
Microsoft Visual Studio Solution File, Format Version 12.00
Project("{FAE04EC0-301F-11D3-BF4B-00C04F79EFBC}") = "eliott.garnier.ObjectDetection", "eliott.garnier.ObjectDetection\eliott.garnier.ObjectDetection.csproj", "{4A9073EA-2FA2-4A2F-AB28-2902EA2B3BD7}"
EndProject
Project("{FAE04EC0-301F-11D3-BF4B-00C04F79EFBC}") = "eliott.garnier.ObjectDetection.Tests", "eliott.garnier.ObjectDetection.Tests\eliott.garnier.ObjectDetection.Tests.csproj", "{8037A169-EAA8-42C8-A640-A66BEA0174FC}"
EndProject
Project("{FAE04EC0-301F-11D3-BF4B-00C04F79EFBC}") = "eliott.garnier.ObjectDetection.Console", "eliott.garnier.ObjectDetection.Console\eliott.garnier.ObjectDetection.Console.csproj", "{99CB17AF-A9C9-49CB-81D8-A64C3F12E5F6}"
EndProject
Project("{FAE04EC0-301F-11D3-BF4B-00C04F79EFBC}") = "eliott.garnier.ObjectDetection.WebApi", "eliott.garnier.ObjectDetection.WebApi\eliott.garnier.ObjectDetection.WebApi.csproj", "{730B3A07-1972-48B0-8BC2-F580A0E8FC22}"
EndProject
Global
	GlobalSection(SolutionConfigurationPlatforms) = preSolution
		Debug|Any CPU = Debug|Any CPU
		Release|Any CPU = Release|Any CPU
	EndGlobalSection
	GlobalSection(ProjectConfigurationPlatforms) = postSolution
		{4A9073EA-2FA2-4A2F-AB28-2902EA2B3BD7}.Debug|Any CPU.ActiveCfg = Debug|Any CPU
		{4A9073EA-2FA2-4A2F-AB28-2902EA2B3BD7}.Debug|Any CPU.Build.0 = Debug|Any CPU
		{4A9073EA-2FA2-4A2F-AB28-2902EA2B3BD7}.Release|Any CPU.ActiveCfg = Release|Any CPU
		{4A9073EA-2FA2-4A2F-AB28-2902EA2B3BD7}.Release|Any CPU.Build.0 = Release|Any CPU
		{8037A169-EAA8-42C8-A640-A66BEA0174FC}.Debug|Any CPU.ActiveCfg = Debug|Any CPU
		{8037A169-EAA8-42C8-A640-A66BEA0174FC}.Debug|Any CPU.Build.0 = Debug|Any CPU
		{8037A169-EAA8-42C8-A640-A66BEA0174FC}.Release|Any CPU.ActiveCfg = Release|Any CPU
		{8037A169-EAA8-42C8-A640-A66BEA0174FC}.Release|Any CPU.Build.0 = Release|Any CPU
		{99CB17AF-A9C9-49CB-81D8-A64C3F12E5F6}.Debug|Any CPU.ActiveCfg = Debug|Any CPU
		{99CB17AF-A9C9-49CB-81D8-A64C3F12E5F6}.Debug|Any CPU.Build.0 = Debug|Any CPU
		{99CB17AF-A9C9-49CB-81D8-A64C3F12E5F6}.Release|Any CPU.ActiveCfg = Release|Any CPU
		{99CB17AF-A9C9-49CB-81D8-A64C3F12E5F6}.Release|Any CPU.Build.0 = Release|Any CPU
		{730B3A07-1972-48B0-8BC2-F580A0E8FC22}.Debug|Any CPU.ActiveCfg = Debug|Any CPU
		{730B3A07-1972-48B0-8BC2-F580A0E8FC22}.Debug|Any CPU.Build.0 = Debug|Any CPU
		{730B3A07-1972-48B0-8BC2-F580A0E8FC22}.Release|Any CPU.ActiveCfg = Release|Any CPU
		{730B3A07-1972-48B0-8BC2-F580A0E8FC22}.Release|Any CPU.Build.0 = Release|Any CPU
	EndGlobalSection
EndGlobal
